{
  "name": "siamsmilecoreclaim",
  "version": "1.0.0",
  "lockfileVersion": 3,
  "requires": true,
  "packages": {
    "": {
      "name": "siamsmilecoreclaim",
      "version": "1.0.0",
      "dependencies": {
        "@opencode/cli": "^2.0.18"
      }
    },
    "node_modules/@opencode/cli": {
      "version": "2.0.18",
      "resolved": "https://registry.npmjs.org/@opencode/cli/-/cli-2.0.18.tgz",
      "integrity": "sha512-EkIxIa2goJ2v8U3Os2gpRckOIjN9gpUBXy6fyVOFbPZl71rkGpoF3NFsm4nlDiF2BgnIqcgJU5NgdV1k6/OZuw==",
      "cpu": [
        "arm64",
        "x64"
      ],
      "hasInstallScript": true,
      "os": [
        "darwin",
        "linux",
        "win32"
      ],
      "bin": {
        "opencode": "bin/opencode.exe",
        "opencode2": "bin/opencode.exe"
      },
      "optionalDependencies": {
        "@opencode/cli-darwin-arm64": "2.0.18",
        "@opencode/cli-darwin-x64": "2.0.18",
        "@opencode/cli-darwin-x64-baseline": "2.0.18",
        "@opencode/cli-linux-arm64": "2.0.18",
        "@opencode/cli-linux-arm64-musl": "2.0.18",
        "@opencode/cli-linux-x64": "2.0.18",
        "@opencode/cli-linux-x64-baseline": "2.0.18",
        "@opencode/cli-linux-x64-baseline-musl": "2.0.18",
        "@opencode/cli-linux-x64-musl": "2.0.18",
        "@opencode/cli-windows-arm64": "2.0.18",
        "@opencode/cli-windows-x64": "2.0.18",
        "@opencode/cli-windows-x64-baseline": "2.0.18"
      }
    },
    "node_modules/@opencode/cli-darwin-arm64": {
      "version": "2.0.18",
      "resolved": "https://registry.npmjs.org/@opencode/cli-darwin-arm64/-/cli-darwin-arm64-2.0.18.tgz",
      "integrity": "sha512-GRJMkkyQKDPIJbYr2WtFTgK1Vb1p/4xrqxgXA/TLyJ1Tn5tK5hNOtbslUZgsktrEQD6TeT5bVZcjRLC41n+d/A==",
      "cpu": [
        "arm64"
      ],
      "optional": true,
      "os": [
        "darwin"
      ]
    },
    "node_modules/@opencode/cli-darwin-x64": {
      "version": "2.0.18",
      "resolved": "https://registry.npmjs.org/@opencode/cli-darwin-x64/-/cli-darwin-x64-2.0.18.tgz",
      "integrity": "sha512-w6TKuEob/XM+KzSZmmNL69P1DMvHN4LEfE9NfMwdUj5wPLXDqzz1yLOhAYEnFYW1LBAsV5Xo1giyvtpWz5vyzg==",
      "cpu": [
        "x64"
      ],
      "optional": true,
      "os": [
        "darwin"
      ]
    },
    "node_modules/@opencode/cli-darwin-x64-baseline": {
      "version": "2.0.18",
      "resolved": "https://registry.npmjs.org/@opencode/cli-darwin-x64-baseline/-/cli-darwin-x64-baseline-2.0.18.tgz",
      "integrity": "sha512-OPKQFskBfK8nKSOxqX4Vd3OtTbEDtgCSOPLi+nnGxZI6WJ20Rt2lOI4NVpwxxaX8tPAaiZB/gYEqmkmGjNsYBQ==",
      "cpu": [
        "x64"
      ],
      "optional": true,
      "os": [
        "darwin"
      ]
    },
    "node_modules/@opencode/cli-linux-arm64": {
      "version": "2.0.18",
      "resolved": "https://registry.npmjs.org/@opencode/cli-linux-arm64/-/cli-linux-arm64-2.0.18.tgz",
      "integrity": "sha512-OjKG0staG+KRG9sNORb2vIPcfthMVk9RtCamU1vMWPquV70bQEYUM0JUT+t0A49eAc2H4lZWhqkpH2gpg87D+Q==",
      "cpu": [
        "arm64"
      ],
      "optional": true,
      "os": [
        "linux"
      ]
    },
    "node_modules/@opencode/cli-linux-arm64-musl": {
      "version": "2.0.18",
      "resolved": "https://registry.npmjs.org/@opencode/cli-linux-arm64-musl/-/cli-linux-arm64-musl-2.0.18.tgz",
      "integrity": "sha512-CbXZDRMMrzTyGH259prvFHbHluyMRI8yoJiTYiWme9WI5sTr1N36elOR4+/DJrwYlbnCQPzp89HS/5iuLns4Jw==",
      "cpu": [
        "arm64"
      ],
      "optional": true,
      "os": [
        "linux"
      ]
    },
    "node_modules/@opencode/cli-linux-x64": {
      "version": "2.0.18",
      "resolved": "https://registry.npmjs.org/@opencode/cli-linux-x64/-/cli-linux-x64-2.0.18.tgz",
      "integrity": "sha512-94dH7lwB+tpmzI1/NIfzFxLBIeshZSNtyx2sskL0C0kgYjMaiVMIHvQLYIECUOWSuVz5/dH/KPUIOGn7ML311g==",
      "cpu": [
        "x64"
      ],
      "optional": true,
      "os": [
        "linux"
      ]
    },
    "node_modules/@opencode/cli-linux-x64-baseline": {
      "version": "2.0.18",
      "resolved": "https://registry.npmjs.org/@opencode/cli-linux-x64-baseline/-/cli-linux-x64-baseline-2.0.18.tgz",
      "integrity": "sha512-yR7tA8ZAjUzUV3vcBIV1z/zp7KPNV55XQipP9qsQppEApyEv7/NJOIaPK8n+yFl7kogPRk1fQ0fsOW+4KO7mbQ==",
      "cpu": [
        "x64"
      ],
      "optional": true,
      "os": [
        "linux"
      ]
    },
    "node_modules/@opencode/cli-linux-x64-baseline-musl": {
      "version": "2.0.18",
      "resolved": "https://registry.npmjs.org/@opencode/cli-linux-x64-baseline-musl/-/cli-linux-x64-baseline-musl-2.0.18.tgz",
      "integrity": "sha512-5DVGPTP1rmaopeT7KzYkPQWQQVyiDeUCiu4fpOlQw8lHRCkoE3wzDXzcdKU6j1+SkuuccUiMjTUwqtHSpNl7Ww==",
      "cpu": [
        "x64"
      ],
      "optional": true,
      "os": [
        "linux"
      ]
    },
    "node_modules/@opencode/cli-linux-x64-musl": {
      "version": "2.0.18",
      "resolved": "https://registry.npmjs.org/@opencode/cli-linux-x64-musl/-/cli-linux-x64-musl-2.0.18.tgz",
      "integrity": "sha512-PQzxDlkIEotzbSE4PCozr50ysgI+teS2tgkBOkh4Mrn+d74F/o7CvPYMpG1wViAFdwgotpFPCFbyu1GmZboifA==",
      "cpu": [
        "x64"
      ],
      "optional": true,
      "os": [
        "linux"
      ]
    },
    "node_modules/@opencode/cli-windows-arm64": {
      "version": "2.0.18",
      "resolved": "https://registry.npmjs.org/@opencode/cli-windows-arm64/-/cli-windows-arm64-2.0.18.tgz",
      "integrity": "sha512-/ulfVQQO3Dait6USMo9rIQg6rjIK0T1NMoTKCmk1wPb6eh1PHTSvvMCm/hHYTcFJyHXWsGAYp/lpAONs90of+g==",
      "cpu": [
        "arm64"
      ],
      "optional": true,
      "os": [
        "win32"
      ]
    },
    "node_modules/@opencode/cli-windows-x64": {
      "version": "2.0.18",
      "resolved": "https://registry.npmjs.org/@opencode/cli-windows-x64/-/cli-windows-x64-2.0.18.tgz",
      "integrity": "sha512-QsyGVmjJcHeuaS9bTVu4iiNyZzYfnRmia0BZop9AJ6QWRPDSq17ak1XRBTGGwh6msM+Ed0y+hke3s+lT3/kD+A==",
      "cpu": [
        "x64"
      ],
      "optional": true,
      "os": [
        "win32"
      ]
    },
    "node_modules/@opencode/cli-windows-x64-baseline": {
      "version": "2.0.18",
      "resolved": "https://registry.npmjs.org/@opencode/cli-windows-x64-baseline/-/cli-windows-x64-baseline-2.0.18.tgz",
      "integrity": "sha512-+On2KUd7GWN4NpzevZw3y/tjWvDcTXeZmg9DvquN33HO9AqEoxtKpYzcM1NjoswOA708mXH/GtaVRSyUQNIlOA==",
      "cpu": [
        "x64"
      ],
      "optional": true,
      "os": [
        "win32"
      ]
    }
  }
}
